<?xml version="1.0" encoding="utf-8"?>
<Project ToolsVersion="4.0" xmlns="http://schemas.microsoft.com/developer/msbuild/2003">
  <ItemGroup>
    <ClCompile Include="RadarPanelCallback.h">
      <Filter>Header</Filter>
    </ClCompile>
    <ClCompile Include="RadarAircraftCallback.cpp">
      <Filter>Source</Filter>
    </ClCompile>
    <ClCompile Include="RadarGaugeCallback.cpp">
      <Filter>Source</Filter>
    </ClCompile>
    <ClCompile Include="RadarGaugeDrawable.cpp">
      <Filter>Source</Filter>
    </ClCompile>
    <ClCompile Include="RadarPanelCallback.cpp">
      <Filter>Source</Filter>
    </ClCompile>
    <ClCompile Include="SparkCellRadar.cpp">
      <Filter>Source</Filter>
    </ClCompile>
    <ClCompile Include="RadarTypes.h">
      <Filter>Header</Filter>
    </ClCompile>
  </ItemGroup>
  <ItemGroup>
    <ClInclude Include="RadarAircraftCallback.h">
      <Filter>Header</Filter>
    </ClInclude>
    <ClInclude Include="RadarGaugeCallback.h">
      <Filter>Header</Filter>
    </ClInclude>
    <ClInclude Include="RadarGaugeDrawable.h">
      <Filter>Header</Filter>
    </ClInclude>
  </ItemGroup>
  <ItemGroup>
    <Filter Include="Header">
      <UniqueIdentifier>{5a2cce06-0708-4f5d-a24b-055e87722904}</UniqueIdentifier>
    </Filter>
    <Filter Include="Source">
      <UniqueIdentifier>{f9567d72-854b-481b-83b1-c94b08a8a754}</UniqueIdentifier>
    </Filter>
  </ItemGroup>
  <ItemGroup>
    <None Include="Radar_Def.def">
      <Filter>Source</Filter>
    </None>
  </ItemGroup>
</Project>