<?xml version="1.0" encoding="utf-8"?>
<Project ToolsVersion="4.0" xmlns="http://schemas.microsoft.com/developer/msbuild/2003">
  <ItemGroup>
    <ClCompile Include="src\p3d\RadarPanelCallback.h">
      <Filter>Header</Filter>
    </ClCompile>
    <ClCompile Include="src\p3d\RadarAircraftCallback.cpp">
      <Filter>Source</Filter>
    </ClCompile>
    <ClCompile Include="src\p3d\RadarGaugeCallback.cpp">
      <Filter>Source</Filter>
    </ClCompile>
    <ClCompile Include="src\p3d\RadarGaugeDrawable.cpp">
      <Filter>Source</Filter>
    </ClCompile>
    <ClCompile Include="src\p3d\RadarPanelCallback.cpp">
      <Filter>Source</Filter>
    </ClCompile>
    <ClCompile Include="src\SparkCellRadar.cpp">
      <Filter>Source</Filter>
    </ClCompile>
    <ClCompile Include="src\p3d\RadarTypes.h">
      <Filter>Header</Filter>
    </ClCompile>
    <ClCompile Include="src\radar\Radar.cpp">
      <Filter>Source</Filter>
    </ClCompile>
    <ClCompile Include="src\radar\Aircraft.cpp">
      <Filter>Source</Filter>
    </ClCompile>
    <ClCompile Include="src\radar\RadarTarget.cpp">
      <Filter>Source</Filter>
    </ClCompile>
    <ClCompile Include="src\ui\Label.cpp">
      <Filter>Source</Filter>
    </ClCompile>
    <ClCompile Include="src\ui\VirtualDisplay.cpp">
      <Filter>Source</Filter>
    </ClCompile>
    <ClCompile Include="src\ui\Rect.cpp">
      <Filter>Source</Filter>
    </ClCompile>
    <ClCompile Include="src\radar\RadarScreen.cpp">
      <Filter>Source</Filter>
    </ClCompile>
  </ItemGroup>
  <ItemGroup>
    <ClInclude Include="src\p3d\RadarAircraftCallback.h">
      <Filter>Header</Filter>
    </ClInclude>
    <ClInclude Include="src\p3d\RadarGaugeCallback.h">
      <Filter>Header</Filter>
    </ClInclude>
    <ClInclude Include="src\p3d\RadarGaugeDrawable.h">
      <Filter>Header</Filter>
    </ClInclude>
    <ClInclude Include="src\radar\Radar.h">
      <Filter>Header</Filter>
    </ClInclude>
    <ClInclude Include="src\radar\Aircraft.h">
      <Filter>Header</Filter>
    </ClInclude>
    <ClInclude Include="src\radar\RadarTarget.h">
      <Filter>Header</Filter>
    </ClInclude>
    <ClInclude Include="src\ui\Label.h">
      <Filter>Header</Filter>
    </ClInclude>
    <ClInclude Include="src\ui\VirtualDisplay.h">
      <Filter>Header</Filter>
    </ClInclude>
    <ClInclude Include="src\ui\Rect.h">
      <Filter>Header</Filter>
    </ClInclude>
    <ClInclude Include="src\radar\RadarScreen.h">
      <Filter>Header</Filter>
    </ClInclude>
  </ItemGroup>
  <ItemGroup>
    <Filter Include="Header">
      <UniqueIdentifier>{5a2cce06-0708-4f5d-a24b-055e87722904}</UniqueIdentifier>
    </Filter>
    <Filter Include="Source">
      <UniqueIdentifier>{f9567d72-854b-481b-83b1-c94b08a8a754}</UniqueIdentifier>
    </Filter>
  </ItemGroup>
  <ItemGroup>
    <None Include="Radar_Def.def" />
    <None Include="PropertySheet.props" />
  </ItemGroup>
</Project>